
Microsoft Visual Studio Solution File, Format Version 12.00
# Visual Studio 15
VisualStudioVersion = 15.0.28010.2050
MinimumVisualStudioVersion = 10.0.40219.1
Project("{FAE04EC0-301F-11D3-BF4B-00C04F79EFBC}") = "GOL", "GOL.csproj", "{927EFFE9-845F-4056-855A-E494AF3B0D0D}"
EndProject
Global
	GlobalSection(SolutionConfigurationPlatforms) = preSolution
		Debug|Any CPU = Debug|Any CPU
		Release|Any CPU = Release|Any CPU
	EndGlobalSection
	GlobalSection(ProjectConfigurationPlatforms) = postSolution
		{927EFFE9-845F-4056-855A-E494AF3B0D0D}.Debug|Any CPU.ActiveCfg = Debug|Any CPU
		{927EFFE9-845F-4056-855A-E494AF3B0D0D}.Debug|Any CPU.Build.0 = Debug|Any CPU
		{927EFFE9-845F-4056-855A-E494AF3B0D0D}.Release|Any CPU.ActiveCfg = Release|Any CPU
		{927EFFE9-845F-4056-855A-E494AF3B0D0D}.Release|Any CPU.Build.0 = Release|Any CPU
	EndGlobalSection
	GlobalSection(SolutionProperties) = preSolution
		HideSolutionNode = FALSE
	EndGlobalSection
	GlobalSection(ExtensibilityGlobals) = postSolution
		SolutionGuid = {F8937027-2108-4D27-943F-7CBF17E8820E}
	EndGlobalSection
EndGlobal
